
Microsoft Visual Studio Solution File, Format Version 12.00
# Visual Studio 2012
Project("{FAE04EC0-301F-11D3-BF4B-00C04F79EFBC}") = "SequenceAligner.Engine", "SequenceAligner.Engine\SequenceAligner.Engine.csproj", "{C2692503-2C4C-454F-A021-325B552CA277}"
EndProject
Project("{FAE04EC0-301F-11D3-BF4B-00C04F79EFBC}") = "Runner", "Runner\Runner.csproj", "{DA8EA783-DAE4-452B-B1A7-5EFD56887A04}"
EndProject
Project("{FAE04EC0-301F-11D3-BF4B-00C04F79EFBC}") = "SequenceAligner.Engine.Test", "SequenceAligner.Engine.Test\SequenceAligner.Engine.Test.csproj", "{83D5AC8E-01AD-4F13-AF9E-0B21E8CE17D2}"
EndProject
Project("{FAE04EC0-301F-11D3-BF4B-00C04F79EFBC}") = "Bioinformatics.Web", "Bioinformatics.Web\Bioinformatics.Web.csproj", "{5A016BAD-24DB-4CAB-AF90-A4CAF5BD3B84}"
EndProject
Global
	GlobalSection(SolutionConfigurationPlatforms) = preSolution
		Debug|Any CPU = Debug|Any CPU
		Release|Any CPU = Release|Any CPU
	EndGlobalSection
	GlobalSection(ProjectConfigurationPlatforms) = postSolution
		{C2692503-2C4C-454F-A021-325B552CA277}.Debug|Any CPU.ActiveCfg = Debug|Any CPU
		{C2692503-2C4C-454F-A021-325B552CA277}.Debug|Any CPU.Build.0 = Debug|Any CPU
		{C2692503-2C4C-454F-A021-325B552CA277}.Release|Any CPU.ActiveCfg = Release|Any CPU
		{C2692503-2C4C-454F-A021-325B552CA277}.Release|Any CPU.Build.0 = Release|Any CPU
		{DA8EA783-DAE4-452B-B1A7-5EFD56887A04}.Debug|Any CPU.ActiveCfg = Debug|Any CPU
		{DA8EA783-DAE4-452B-B1A7-5EFD56887A04}.Debug|Any CPU.Build.0 = Debug|Any CPU
		{DA8EA783-DAE4-452B-B1A7-5EFD56887A04}.Release|Any CPU.ActiveCfg = Release|Any CPU
		{DA8EA783-DAE4-452B-B1A7-5EFD56887A04}.Release|Any CPU.Build.0 = Release|Any CPU
		{83D5AC8E-01AD-4F13-AF9E-0B21E8CE17D2}.Debug|Any CPU.ActiveCfg = Debug|Any CPU
		{83D5AC8E-01AD-4F13-AF9E-0B21E8CE17D2}.Debug|Any CPU.Build.0 = Debug|Any CPU
		{83D5AC8E-01AD-4F13-AF9E-0B21E8CE17D2}.Release|Any CPU.ActiveCfg = Release|Any CPU
		{83D5AC8E-01AD-4F13-AF9E-0B21E8CE17D2}.Release|Any CPU.Build.0 = Release|Any CPU
		{5A016BAD-24DB-4CAB-AF90-A4CAF5BD3B84}.Debug|Any CPU.ActiveCfg = Debug|Any CPU
		{5A016BAD-24DB-4CAB-AF90-A4CAF5BD3B84}.Debug|Any CPU.Build.0 = Debug|Any CPU
		{5A016BAD-24DB-4CAB-AF90-A4CAF5BD3B84}.Release|Any CPU.ActiveCfg = Release|Any CPU
		{5A016BAD-24DB-4CAB-AF90-A4CAF5BD3B84}.Release|Any CPU.Build.0 = Release|Any CPU
	EndGlobalSection
	GlobalSection(SolutionProperties) = preSolution
		HideSolutionNode = FALSE
	EndGlobalSection
EndGlobal
